
Microsoft Visual Studio Solution File, Format Version 12.00
Project("{FAE04EC0-301F-11D3-BF4B-00C04F79EFBC}") = "Magic.Litedb", "Src\Magic.Litedb\Magic.Litedb.csproj", "{F882F90F-AF06-4DAE-AB40-E8E82C7343DF}"
EndProject
Project("{FAE04EC0-301F-11D3-BF4B-00C04F79EFBC}") = "Tests", "Src\Tests\Tests.csproj", "{F6F57EC4-87E2-459A-8C66-397F71EFC032}"
EndProject
Global
	GlobalSection(SolutionConfigurationPlatforms) = preSolution
		Debug|Any CPU = Debug|Any CPU
		Release|Any CPU = Release|Any CPU
	EndGlobalSection
	GlobalSection(ProjectConfigurationPlatforms) = postSolution
		{F882F90F-AF06-4DAE-AB40-E8E82C7343DF}.Debug|Any CPU.ActiveCfg = Debug|Any CPU
		{F882F90F-AF06-4DAE-AB40-E8E82C7343DF}.Debug|Any CPU.Build.0 = Debug|Any CPU
		{F882F90F-AF06-4DAE-AB40-E8E82C7343DF}.Release|Any CPU.ActiveCfg = Release|Any CPU
		{F882F90F-AF06-4DAE-AB40-E8E82C7343DF}.Release|Any CPU.Build.0 = Release|Any CPU
		{F6F57EC4-87E2-459A-8C66-397F71EFC032}.Debug|Any CPU.ActiveCfg = Debug|Any CPU
		{F6F57EC4-87E2-459A-8C66-397F71EFC032}.Debug|Any CPU.Build.0 = Debug|Any CPU
		{F6F57EC4-87E2-459A-8C66-397F71EFC032}.Release|Any CPU.ActiveCfg = Release|Any CPU
		{F6F57EC4-87E2-459A-8C66-397F71EFC032}.Release|Any CPU.Build.0 = Release|Any CPU
	EndGlobalSection
EndGlobal
